// !$*UTF8*$!
{
	archiveVersion = 1;
	classes = {
	};
	objectVersion = 46;
	objects = {

/* Begin PBXBuildFile section */
		0F6007CA161303B90017E527 /* 0.png in Resources */ = {isa = PBXBuildFile; fileRef = 0F6007C9161303B90017E527 /* 0.png */; };
		0F8AFC0B15F5965F00F5B890 /* UIKit.framework in Frameworks */ = {isa = PBXBuildFile; fileRef = 0F8AFC0A15F5965F00F5B890 /* UIKit.framework */; };
		0F8AFC0D15F5965F00F5B890 /* Foundation.framework in Frameworks */ = {isa = PBXBuildFile; fileRef = 0F8AFC0C15F5965F00F5B890 /* Foundation.framework */; };
		0F8AFC0F15F5965F00F5B890 /* CoreGraphics.framework in Frameworks */ = {isa = PBXBuildFile; fileRef = 0F8AFC0E15F5965F00F5B890 /* CoreGraphics.framework */; };
		0F8AFC1515F5965F00F5B890 /* InfoPlist.strings in Resources */ = {isa = PBXBuildFile; fileRef = 0F8AFC1315F5965F00F5B890 /* InfoPlist.strings */; };
		0F8AFC1715F5965F00F5B890 /* main.m in Sources */ = {isa = PBXBuildFile; fileRef = 0F8AFC1615F5965F00F5B890 /* main.m */; };
		0F8AFC1B15F5965F00F5B890 /* my_iphoneAppDelegate.m in Sources */ = {isa = PBXBuildFile; fileRef = 0F8AFC1A15F5965F00F5B890 /* my_iphoneAppDelegate.m */; };
		0F8AFC2315F59F4900F5B890 /* HomeViewController.m in Sources */ = {isa = PBXBuildFile; fileRef = 0F8AFC2215F59F4900F5B890 /* HomeViewController.m */; };
		0FF1B52B15F6E8870062C287 /* p1.jpg in Resources */ = {isa = PBXBuildFile; fileRef = 0FF1B52915F6E8870062C287 /* p1.jpg */; };
		0FF1B52C15F6E8870062C287 /* p2.png in Resources */ = {isa = PBXBuildFile; fileRef = 0FF1B52A15F6E8870062C287 /* p2.png */; };
/* End PBXBuildFile section */

/* Begin PBXFileReference section */
		0F6007C9161303B90017E527 /* 0.png */ = {isa = PBXFileReference; lastKnownFileType = image.png; path = 0.png; sourceTree = "<group>"; };
		0F8AFC0615F5965F00F5B890 /* 练习9.app */ = {isa = PBXFileReference; explicitFileType = wrapper.application; includeInIndex = 0; path = "练习9.app"; sourceTree = BUILT_PRODUCTS_DIR; };
		0F8AFC0A15F5965F00F5B890 /* UIKit.framework */ = {isa = PBXFileReference; lastKnownFileType = wrapper.framework; name = UIKit.framework; path = System/Library/Frameworks/UIKit.framework; sourceTree = SDKROOT; };
		0F8AFC0C15F5965F00F5B890 /* Foundation.framework */ = {isa = PBXFileReference; lastKnownFileType = wrapper.framework; name = Foundation.framework; path = System/Library/Frameworks/Foundation.framework; sourceTree = SDKROOT; };
		0F8AFC0E15F5965F00F5B890 /* CoreGraphics.framework */ = {isa = PBXFileReference; lastKnownFileType = wrapper.framework; name = CoreGraphics.framework; path = System/Library/Frameworks/CoreGraphics.framework; sourceTree = SDKROOT; };
		0F8AFC1215F5965F00F5B890 /* 练习9-Info.plist */ = {isa = PBXFileReference; lastKnownFileType = text.plist.xml; path = "练习9-Info.plist"; sourceTree = "<group>"; };
		0F8AFC1415F5965F00F5B890 /* en */ = {isa = PBXFileReference; lastKnownFileType = text.plist.strings; name = en; path = en.lproj/InfoPlist.strings; sourceTree = "<group>"; };
		0F8AFC1615F5965F00F5B890 /* main.m */ = {isa = PBXFileReference; lastKnownFileType = sourcecode.c.objc; path = main.m; sourceTree = "<group>"; };
		0F8AFC1815F5965F00F5B890 /* 练习9-Prefix.pch */ = {isa = PBXFileReference; lastKnownFileType = sourcecode.c.h; path = "练习9-Prefix.pch"; sourceTree = "<group>"; };
		0F8AFC1915F5965F00F5B890 /* my_iphoneAppDelegate.h */ = {isa = PBXFileReference; lastKnownFileType = sourcecode.c.h; path = my_iphoneAppDelegate.h; sourceTree = "<group>"; };
		0F8AFC1A15F5965F00F5B890 /* my_iphoneAppDelegate.m */ = {isa = PBXFileReference; lastKnownFileType = sourcecode.c.objc; path = my_iphoneAppDelegate.m; sourceTree = "<group>"; };
		0F8AFC2115F59F4900F5B890 /* HomeViewController.h */ = {isa = PBXFileReference; fileEncoding = 4; lastKnownFileType = sourcecode.c.h; path = HomeViewController.h; sourceTree = SOURCE_ROOT; };
		0F8AFC2215F59F4900F5B890 /* HomeViewController.m */ = {isa = PBXFileReference; fileEncoding = 4; lastKnownFileType = sourcecode.c.objc; path = HomeViewController.m; sourceTree = SOURCE_ROOT; };
		0FF1B52915F6E8870062C287 /* p1.jpg */ = {isa = PBXFileReference; lastKnownFileType = image.jpeg; path = p1.jpg; sourceTree = "<group>"; };
		0FF1B52A15F6E8870062C287 /* p2.png */ = {isa = PBXFileReference; lastKnownFileType = image.png; path = p2.png; sourceTree = "<group>"; };
/* End PBXFileReference section */

/* Begin PBXFrameworksBuildPhase section */
		0F8AFC0315F5965F00F5B890 /* Frameworks */ = {
			isa = PBXFrameworksBuildPhase;
			buildActionMask = 2147483647;
			files = (
				0F8AFC0B15F5965F00F5B890 /* UIKit.framework in Frameworks */,
				0F8AFC0D15F5965F00F5B890 /* Foundation.framework in Frameworks */,
				0F8AFC0F15F5965F00F5B890 /* CoreGraphics.framework in Frameworks */,
			);
			runOnlyForDeploymentPostprocessing = 0;
		};
/* End PBXFrameworksBuildPhase section */

/* Begin PBXGroup section */
		0F8AFBFB15F5965E00F5B890 = {
			isa = PBXGroup;
			children = (
				0F8AFC1015F5965F00F5B890 /* 练习9 */,
				0F8AFC0915F5965F00F5B890 /* Frameworks */,
				0F8AFC0715F5965F00F5B890 /* Products */,
			);
			sourceTree = "<group>";
		};
		0F8AFC0715F5965F00F5B890 /* Products */ = {
			isa = PBXGroup;
			children = (
				0F8AFC0615F5965F00F5B890 /* 练习9.app */,
			);
			name = Products;
			sourceTree = "<group>";
		};
		0F8AFC0915F5965F00F5B890 /* Frameworks */ = {
			isa = PBXGroup;
			children = (
				0F8AFC0A15F5965F00F5B890 /* UIKit.framework */,
				0F8AFC0C15F5965F00F5B890 /* Foundation.framework */,
				0F8AFC0E15F5965F00F5B890 /* CoreGraphics.framework */,
			);
			name = Frameworks;
			sourceTree = "<group>";
		};
		0F8AFC1015F5965F00F5B890 /* 练习9 */ = {
			isa = PBXGroup;
			children = (
				0F8AFC1915F5965F00F5B890 /* my_iphoneAppDelegate.h */,
				0F8AFC1A15F5965F00F5B890 /* my_iphoneAppDelegate.m */,
				0F8AFC2115F59F4900F5B890 /* HomeViewController.h */,
				0F8AFC2215F59F4900F5B890 /* HomeViewController.m */,
				0F8AFC1115F5965F00F5B890 /* Supporting Files */,
			);
			path = "练习9";
			sourceTree = "<group>";
		};
		0F8AFC1115F5965F00F5B890 /* Supporting Files */ = {
			isa = PBXGroup;
			children = (
				0F6007C9161303B90017E527 /* 0.png */,
				0FF1B52915F6E8870062C287 /* p1.jpg */,
				0FF1B52A15F6E8870062C287 /* p2.png */,
				0F8AFC1215F5965F00F5B890 /* 练习9-Info.plist */,
				0F8AFC1315F5965F00F5B890 /* InfoPlist.strings */,
				0F8AFC1615F5965F00F5B890 /* main.m */,
				0F8AFC1815F5965F00F5B890 /* 练习9-Prefix.pch */,
			);
			name = "Supporting Files";
			sourceTree = "<group>";
		};
/* End PBXGroup section */

/* Begin PBXNativeTarget section */
		0F8AFC0515F5965F00F5B890 /* 练习9 */ = {
			isa = PBXNativeTarget;
			buildConfigurationList = 0F8AFC1E15F5965F00F5B890 /* Build configuration list for PBXNativeTarget "练习9" */;
			buildPhases = (
				0F8AFC0215F5965F00F5B890 /* Sources */,
				0F8AFC0315F5965F00F5B890 /* Frameworks */,
				0F8AFC0415F5965F00F5B890 /* Resources */,
			);
			buildRules = (
			);
			dependencies = (
			);
			name = "练习9";
			productName = "练习9";
			productReference = 0F8AFC0615F5965F00F5B890 /* 练习9.app */;
			productType = "com.apple.product-type.application";
		};
/* End PBXNativeTarget section */

/* Begin PBXProject section */
		0F8AFBFD15F5965E00F5B890 /* Project object */ = {
			isa = PBXProject;
			attributes = {
				LastUpgradeCheck = 0420;
			};
			buildConfigurationList = 0F8AFC0015F5965E00F5B890 /* Build configuration list for PBXProject "练习9" */;
			compatibilityVersion = "Xcode 3.2";
			developmentRegion = English;
			hasScannedForEncodings = 0;
			knownRegions = (
				en,
			);
			mainGroup = 0F8AFBFB15F5965E00F5B890;
			productRefGroup = 0F8AFC0715F5965F00F5B890 /* Products */;
			projectDirPath = "";
			projectRoot = "";
			targets = (
				0F8AFC0515F5965F00F5B890 /* 练习9 */,
			);
		};
/* End PBXProject section */

/* Begin PBXResourcesBuildPhase section */
		0F8AFC0415F5965F00F5B890 /* Resources */ = {
			isa = PBXResourcesBuildPhase;
			buildActionMask = 2147483647;
			files = (
				0F8AFC1515F5965F00F5B890 /* InfoPlist.strings in Resources */,
				0FF1B52B15F6E8870062C287 /* p1.jpg in Resources */,
				0FF1B52C15F6E8870062C287 /* p2.png in Resources */,
				0F6007CA161303B90017E527 /* 0.png in Resources */,
			);
			runOnlyForDeploymentPostprocessing = 0;
		};
/* End PBXResourcesBuildPhase section */

/* Begin PBXSourcesBuildPhase section */
		0F8AFC0215F5965F00F5B890 /* Sources */ = {
			isa = PBXSourcesBuildPhase;
			buildActionMask = 2147483647;
			files = (
				0F8AFC1715F5965F00F5B890 /* main.m in Sources */,
				0F8AFC1B15F5965F00F5B890 /* my_iphoneAppDelegate.m in Sources */,
				0F8AFC2315F59F4900F5B890 /* HomeViewController.m in Sources */,
			);
			runOnlyForDeploymentPostprocessing = 0;
		};
/* End PBXSourcesBuildPhase section */

/* Begin PBXVariantGroup section */
		0F8AFC1315F5965F00F5B890 /* InfoPlist.strings */ = {
			isa = PBXVariantGroup;
			children = (
				0F8AFC1415F5965F00F5B890 /* en */,
			);
			name = InfoPlist.strings;
			sourceTree = "<group>";
		};
/* End PBXVariantGroup section */

/* Begin XCBuildConfiguration section */
		0F8AFC1C15F5965F00F5B890 /* Debug */ = {
			isa = XCBuildConfiguration;
			buildSettings = {
				ALWAYS_SEARCH_USER_PATHS = NO;
				ARCHS = "$(ARCHS_STANDARD_32_BIT)";
				"CODE_SIGN_IDENTITY[sdk=iphoneos*]" = "iPhone Developer";
				COPY_PHASE_STRIP = NO;
				GCC_C_LANGUAGE_STANDARD = gnu99;
				GCC_DYNAMIC_NO_PIC = NO;
				GCC_OPTIMIZATION_LEVEL = 0;
				GCC_PREPROCESSOR_DEFINITIONS = (
					"DEBUG=1",
					"$(inherited)",
				);
				GCC_SYMBOLS_PRIVATE_EXTERN = NO;
				GCC_VERSION = com.apple.compilers.llvm.clang.1_0;
				GCC_WARN_ABOUT_MISSING_PROTOTYPES = YES;
				GCC_WARN_ABOUT_RETURN_TYPE = YES;
				GCC_WARN_UNUSED_VARIABLE = YES;
				IPHONEOS_DEPLOYMENT_TARGET = 5.0;
				SDKROOT = iphoneos;
			};
			name = Debug;
		};
		0F8AFC1D15F5965F00F5B890 /* Release */ = {
			isa = XCBuildConfiguration;
			buildSettings = {
				ALWAYS_SEARCH_USER_PATHS = NO;
				ARCHS = "$(ARCHS_STANDARD_32_BIT)";
				"CODE_SIGN_IDENTITY[sdk=iphoneos*]" = "iPhone Developer";
				COPY_PHASE_STRIP = YES;
				GCC_C_LANGUAGE_STANDARD = gnu99;
				GCC_VERSION = com.apple.compilers.llvm.clang.1_0;
				GCC_WARN_ABOUT_MISSING_PROTOTYPES = YES;
				GCC_WARN_ABOUT_RETURN_TYPE = YES;
				GCC_WARN_UNUSED_VARIABLE = YES;
				IPHONEOS_DEPLOYMENT_TARGET = 5.0;
				OTHER_CFLAGS = "-DNS_BLOCK_ASSERTIONS=1";
				SDKROOT = iphoneos;
				VALIDATE_PRODUCT = YES;
			};
			name = Release;
		};
		0F8AFC1F15F5965F00F5B890 /* Debug */ = {
			isa = XCBuildConfiguration;
			buildSettings = {
				GCC_PRECOMPILE_PREFIX_HEADER = YES;
				GCC_PREFIX_HEADER = "练习9/练习9-Prefix.pch";
				INFOPLIST_FILE = "练习9/练习9-Info.plist";
				PRODUCT_NAME = "$(TARGET_NAME)";
				WRAPPER_EXTENSION = app;
			};
			name = Debug;
		};
		0F8AFC2015F5965F00F5B890 /* Release */ = {
			isa = XCBuildConfiguration;
			buildSettings = {
				GCC_PRECOMPILE_PREFIX_HEADER = YES;
				GCC_PREFIX_HEADER = "练习9/练习9-Prefix.pch";
				INFOPLIST_FILE = "练习9/练习9-Info.plist";
				PRODUCT_NAME = "$(TARGET_NAME)";
				WRAPPER_EXTENSION = app;
			};
			name = Release;
		};
/* End XCBuildConfiguration section */

/* Begin XCConfigurationList section */
		0F8AFC0015F5965E00F5B890 /* Build configuration list for PBXProject "练习9" */ = {
			isa = XCConfigurationList;
			buildConfigurations = (
				0F8AFC1C15F5965F00F5B890 /* Debug */,
				0F8AFC1D15F5965F00F5B890 /* Release */,
			);
			defaultConfigurationIsVisible = 0;
			defaultConfigurationName = Release;
		};
		0F8AFC1E15F5965F00F5B890 /* Build configuration list for PBXNativeTarget "练习9" */ = {
			isa = XCConfigurationList;
			buildConfigurations = (
				0F8AFC1F15F5965F00F5B890 /* Debug */,
				0F8AFC2015F5965F00F5B890 /* Release */,
			);
			defaultConfigurationIsVisible = 0;
			defaultConfigurationName = Release;
		};
/* End XCConfigurationList section */
	};
	rootObject = 0F8AFBFD15F5965E00F5B890 /* Project object */;
}
